{
  "name": "package",
  "version": "1.0.0",
  "lockfileVersion": 2,
  "requires": true,
  "packages": {
    "": {
      "name": "package",
      "version": "1.0.0",
      "license": "ISC",
      "dependencies": {
        "subpackage": "file:subpackage"
      }
    },
    "node_modules/ansicolor": {
      "version": "1.1.95",
      "license": "Unlicense"
    },
    "node_modules/subpackage": {
      "resolved": "subpackage",
      "link": true
    },
    "subpackage": {
      "version": "1.0.0",
      "license": "ISC",
      "dependencies": {
        "ansicolor": "^1.1.95"
      }
    }
  },
  "dependencies": {
    "ansicolor": {
      "version": "1.1.95"
    },
    "subpackage": {
      "version": "file:subpackage",
      "requires": {
        "ansicolor": "^1.1.95"
      }
    }
  }
}
