{
  "name": "package",
  "version": "1.0.0",
  "lockfileVersion": 2,
  "requires": true,
  "packages": {
    "": {
      "name": "package",
      "version": "1.0.0",
      "license": "ISC",
      "workspaces": [
        "./subpackage"
      ]
    },
    "node_modules/ansicolor": {
      "version": "1.1.95",
      "resolved": "https://registry.npmjs.org/ansicolor/-/ansicolor-1.1.95.tgz",
      "integrity": "sha512-R4yTmrfQZ2H9Wr5TZoM2iOz0+T6TNHqztpld7ZToaN8EaUj/06NG4r5UHQfegA9/+K/OY3E+WumprcglbcTMRA=="
    },
    "node_modules/subpackage": {
      "resolved": "subpackage",
      "link": true
    },
    "subpackage": {
      "version": "1.0.0",
      "license": "ISC",
      "dependencies": {
        "ansicolor": "^1.1.95"
      }
    }
  },
  "dependencies": {
    "ansicolor": {
      "version": "1.1.95",
      "resolved": "https://registry.npmjs.org/ansicolor/-/ansicolor-1.1.95.tgz",
      "integrity": "sha512-R4yTmrfQZ2H9Wr5TZoM2iOz0+T6TNHqztpld7ZToaN8EaUj/06NG4r5UHQfegA9/+K/OY3E+WumprcglbcTMRA=="
    },
    "subpackage": {
      "version": "file:subpackage",
      "requires": {
        "ansicolor": "^1.1.95"
      }
    }
  }
}
